
Microsoft Visual Studio Solution File, Format Version 12.00
# Visual Studio Version 17
VisualStudioVersion = 17.3.32929.385
MinimumVisualStudioVersion = 10.0.40219.1
Project("{FAE04EC0-301F-11D3-BF4B-00C04F79EFBC}") = "ViewImages", "ViewImages\ViewImages.csproj", "{E3C8C153-19AF-4E14-98B9-0A12098E04AC}"
EndProject
Global
	GlobalSection(SolutionConfigurationPlatforms) = preSolution
		Debug|Any CPU = Debug|Any CPU
		Release|Any CPU = Release|Any CPU
	EndGlobalSection
	GlobalSection(ProjectConfigurationPlatforms) = postSolution
		{E3C8C153-19AF-4E14-98B9-0A12098E04AC}.Debug|Any CPU.ActiveCfg = Debug|Any CPU
		{E3C8C153-19AF-4E14-98B9-0A12098E04AC}.Debug|Any CPU.Build.0 = Debug|Any CPU
		{E3C8C153-19AF-4E14-98B9-0A12098E04AC}.Release|Any CPU.ActiveCfg = Release|Any CPU
		{E3C8C153-19AF-4E14-98B9-0A12098E04AC}.Release|Any CPU.Build.0 = Release|Any CPU
	EndGlobalSection
	GlobalSection(SolutionProperties) = preSolution
		HideSolutionNode = FALSE
	EndGlobalSection
	GlobalSection(ExtensibilityGlobals) = postSolution
		SolutionGuid = {CF8FBC56-3E6E-445F-9054-8C13AB0509C5}
	EndGlobalSection
EndGlobal
